
Microsoft Visual Studio Solution File, Format Version 12.00
# Visual Studio Version 17
VisualStudioVersion = 17.9.34728.123
MinimumVisualStudioVersion = 10.0.40219.1
Project("{FAE04EC0-301F-11D3-BF4B-00C04F79EFBC}") = "BERecruitmentss", "BERecruitmentss.csproj", "{29D9EF53-004F-47B4-B035-9FF52F22295E}"
EndProject
Global
	GlobalSection(SolutionConfigurationPlatforms) = preSolution
		Debug|Any CPU = Debug|Any CPU
		Release|Any CPU = Release|Any CPU
	EndGlobalSection
	GlobalSection(ProjectConfigurationPlatforms) = postSolution
		{29D9EF53-004F-47B4-B035-9FF52F22295E}.Debug|Any CPU.ActiveCfg = Debug|Any CPU
		{29D9EF53-004F-47B4-B035-9FF52F22295E}.Debug|Any CPU.Build.0 = Debug|Any CPU
		{29D9EF53-004F-47B4-B035-9FF52F22295E}.Release|Any CPU.ActiveCfg = Release|Any CPU
		{29D9EF53-004F-47B4-B035-9FF52F22295E}.Release|Any CPU.Build.0 = Release|Any CPU
	EndGlobalSection
	GlobalSection(SolutionProperties) = preSolution
		HideSolutionNode = FALSE
	EndGlobalSection
	GlobalSection(ExtensibilityGlobals) = postSolution
		SolutionGuid = {D7B716BD-F871-40AB-8C1D-C2362E17D878}
	EndGlobalSection
EndGlobal
